
Microsoft Visual Studio Solution File, Format Version 12.00
# Visual Studio 15
VisualStudioVersion = 15.0.26124.0
MinimumVisualStudioVersion = 15.0.26124.0
Project("{FAE04EC0-301F-11D3-BF4B-00C04F79EFBC}") = "EFAdventureWorks.Cient", "EFAdventureWorks.Cient\EFAdventureWorks.Cient.csproj", "{2C7BB880-E606-4239-9FF6-79F38A16775C}"
EndProject
Project("{FAE04EC0-301F-11D3-BF4B-00C04F79EFBC}") = "EFAdventureWorks.Client.csproj", "EFAdventureWorks.Client.csproj\EFAdventureWorks.Client.csproj.csproj", "{7EFE907B-1352-4831-B8F2-D54D6B37393A}"
EndProject
Global
	GlobalSection(SolutionConfigurationPlatforms) = preSolution
		Debug|Any CPU = Debug|Any CPU
		Debug|x64 = Debug|x64
		Debug|x86 = Debug|x86
		Release|Any CPU = Release|Any CPU
		Release|x64 = Release|x64
		Release|x86 = Release|x86
	EndGlobalSection
	GlobalSection(SolutionProperties) = preSolution
		HideSolutionNode = FALSE
	EndGlobalSection
	GlobalSection(ProjectConfigurationPlatforms) = postSolution
		{2C7BB880-E606-4239-9FF6-79F38A16775C}.Debug|Any CPU.ActiveCfg = Debug|Any CPU
		{2C7BB880-E606-4239-9FF6-79F38A16775C}.Debug|Any CPU.Build.0 = Debug|Any CPU
		{2C7BB880-E606-4239-9FF6-79F38A16775C}.Debug|x64.ActiveCfg = Debug|Any CPU
		{2C7BB880-E606-4239-9FF6-79F38A16775C}.Debug|x64.Build.0 = Debug|Any CPU
		{2C7BB880-E606-4239-9FF6-79F38A16775C}.Debug|x86.ActiveCfg = Debug|Any CPU
		{2C7BB880-E606-4239-9FF6-79F38A16775C}.Debug|x86.Build.0 = Debug|Any CPU
		{2C7BB880-E606-4239-9FF6-79F38A16775C}.Release|Any CPU.ActiveCfg = Release|Any CPU
		{2C7BB880-E606-4239-9FF6-79F38A16775C}.Release|Any CPU.Build.0 = Release|Any CPU
		{2C7BB880-E606-4239-9FF6-79F38A16775C}.Release|x64.ActiveCfg = Release|Any CPU
		{2C7BB880-E606-4239-9FF6-79F38A16775C}.Release|x64.Build.0 = Release|Any CPU
		{2C7BB880-E606-4239-9FF6-79F38A16775C}.Release|x86.ActiveCfg = Release|Any CPU
		{2C7BB880-E606-4239-9FF6-79F38A16775C}.Release|x86.Build.0 = Release|Any CPU
		{7EFE907B-1352-4831-B8F2-D54D6B37393A}.Debug|Any CPU.ActiveCfg = Debug|Any CPU
		{7EFE907B-1352-4831-B8F2-D54D6B37393A}.Debug|Any CPU.Build.0 = Debug|Any CPU
		{7EFE907B-1352-4831-B8F2-D54D6B37393A}.Debug|x64.ActiveCfg = Debug|Any CPU
		{7EFE907B-1352-4831-B8F2-D54D6B37393A}.Debug|x64.Build.0 = Debug|Any CPU
		{7EFE907B-1352-4831-B8F2-D54D6B37393A}.Debug|x86.ActiveCfg = Debug|Any CPU
		{7EFE907B-1352-4831-B8F2-D54D6B37393A}.Debug|x86.Build.0 = Debug|Any CPU
		{7EFE907B-1352-4831-B8F2-D54D6B37393A}.Release|Any CPU.ActiveCfg = Release|Any CPU
		{7EFE907B-1352-4831-B8F2-D54D6B37393A}.Release|Any CPU.Build.0 = Release|Any CPU
		{7EFE907B-1352-4831-B8F2-D54D6B37393A}.Release|x64.ActiveCfg = Release|Any CPU
		{7EFE907B-1352-4831-B8F2-D54D6B37393A}.Release|x64.Build.0 = Release|Any CPU
		{7EFE907B-1352-4831-B8F2-D54D6B37393A}.Release|x86.ActiveCfg = Release|Any CPU
		{7EFE907B-1352-4831-B8F2-D54D6B37393A}.Release|x86.Build.0 = Release|Any CPU
	EndGlobalSection
EndGlobal
